
Microsoft Visual Studio Solution File, Format Version 12.00
# Visual Studio Version 17
VisualStudioVersion = 17.2.32526.322
MinimumVisualStudioVersion = 10.0.40219.1
Project("{FAE04EC0-301F-11D3-BF4B-00C04F79EFBC}") = "HomeTask2", "HomeTask2\HomeTask2.csproj", "{B1E8B6AC-6AAF-4B07-80C1-C3608C6D3633}"
EndProject
Project("{FAE04EC0-301F-11D3-BF4B-00C04F79EFBC}") = "DataLayer", "DataLayer\DataLayer.csproj", "{11ECCA67-517C-46CC-B0EC-9730297FBF7E}"
EndProject
Global
	GlobalSection(SolutionConfigurationPlatforms) = preSolution
		Debug|Any CPU = Debug|Any CPU
		Release|Any CPU = Release|Any CPU
	EndGlobalSection
	GlobalSection(ProjectConfigurationPlatforms) = postSolution
		{B1E8B6AC-6AAF-4B07-80C1-C3608C6D3633}.Debug|Any CPU.ActiveCfg = Debug|Any CPU
		{B1E8B6AC-6AAF-4B07-80C1-C3608C6D3633}.Debug|Any CPU.Build.0 = Debug|Any CPU
		{B1E8B6AC-6AAF-4B07-80C1-C3608C6D3633}.Release|Any CPU.ActiveCfg = Release|Any CPU
		{B1E8B6AC-6AAF-4B07-80C1-C3608C6D3633}.Release|Any CPU.Build.0 = Release|Any CPU
		{11ECCA67-517C-46CC-B0EC-9730297FBF7E}.Debug|Any CPU.ActiveCfg = Debug|Any CPU
		{11ECCA67-517C-46CC-B0EC-9730297FBF7E}.Debug|Any CPU.Build.0 = Debug|Any CPU
		{11ECCA67-517C-46CC-B0EC-9730297FBF7E}.Release|Any CPU.ActiveCfg = Release|Any CPU
		{11ECCA67-517C-46CC-B0EC-9730297FBF7E}.Release|Any CPU.Build.0 = Release|Any CPU
	EndGlobalSection
	GlobalSection(SolutionProperties) = preSolution
		HideSolutionNode = FALSE
	EndGlobalSection
	GlobalSection(ExtensibilityGlobals) = postSolution
		SolutionGuid = {61CEDB46-C093-4641-B0E9-7ABABCCA83AE}
	EndGlobalSection
EndGlobal
